
Microsoft Visual Studio Solution File, Format Version 10.00
# Visual Studio 2008
Project("{8BC9CEB8-8B4A-11D0-8D11-00A0C91BC942}") = "CPPNetExample", "Annotator_CPlusPlusNet\Annotator_CPlusPlusNet.vcproj", "{8A6D3D51-CB05-4465-9051-F5C5379C8274}"
EndProject
Global
	GlobalSection(SolutionConfigurationPlatforms) = preSolution
		Debug|Win32 = Debug|Win32
		Release|Win32 = Release|Win32
	EndGlobalSection
	GlobalSection(ProjectConfigurationPlatforms) = postSolution
		{8A6D3D51-CB05-4465-9051-F5C5379C8274}.Debug|Win32.ActiveCfg = Debug|Win32
		{8A6D3D51-CB05-4465-9051-F5C5379C8274}.Debug|Win32.Build.0 = Debug|Win32
		{8A6D3D51-CB05-4465-9051-F5C5379C8274}.Release|Win32.ActiveCfg = Release|Win32
		{8A6D3D51-CB05-4465-9051-F5C5379C8274}.Release|Win32.Build.0 = Release|Win32
	EndGlobalSection
	GlobalSection(SolutionProperties) = preSolution
		HideSolutionNode = FALSE
	EndGlobalSection
EndGlobal
